
Microsoft Visual Studio Solution File, Format Version 12.00
# Visual Studio Version 16
VisualStudioVersion = 16.0.30406.217
MinimumVisualStudioVersion = 10.0.40219.1
Project("{FAE04EC0-301F-11D3-BF4B-00C04F79EFBC}") = "ConsoleOOP", "ConsoleOOP\ConsoleOOP.csproj", "{434E6DAF-2FFB-42C7-A254-863ABBA00D53}"
EndProject
Global
	GlobalSection(SolutionConfigurationPlatforms) = preSolution
		Debug|Any CPU = Debug|Any CPU
		Release|Any CPU = Release|Any CPU
	EndGlobalSection
	GlobalSection(ProjectConfigurationPlatforms) = postSolution
		{434E6DAF-2FFB-42C7-A254-863ABBA00D53}.Debug|Any CPU.ActiveCfg = Debug|Any CPU
		{434E6DAF-2FFB-42C7-A254-863ABBA00D53}.Debug|Any CPU.Build.0 = Debug|Any CPU
		{434E6DAF-2FFB-42C7-A254-863ABBA00D53}.Release|Any CPU.ActiveCfg = Release|Any CPU
		{434E6DAF-2FFB-42C7-A254-863ABBA00D53}.Release|Any CPU.Build.0 = Release|Any CPU
	EndGlobalSection
	GlobalSection(SolutionProperties) = preSolution
		HideSolutionNode = FALSE
	EndGlobalSection
	GlobalSection(ExtensibilityGlobals) = postSolution
		SolutionGuid = {F6B009D0-660E-4F40-87D6-477DCE668B0E}
	EndGlobalSection
EndGlobal
